{
  "name": "@beck24/example-code-component",
  "version": "1.0.0",
  "lockfileVersion": 1,
  "requires": true,
  "dependencies": {
    "@stencil/core": {
      "version": "1.7.4",
      "resolved": "https://registry.npmjs.org/@stencil/core/-/core-1.7.4.tgz",
      "integrity": "sha512-9Ges/ttTIB9jka59cWQcVR40G2I4jM1KPtv+wB5yEnQwaPQucURklfaodkuqYMq0zvI9e0da/Tvg/7Ydss4Hpg==",
      "dev": true,
      "requires": {
        "typescript": "3.6.3"
      }
    },
    "prismjs": {
      "version": "1.24.0",
      "resolved": "https://registry.npmjs.org/prismjs/-/prismjs-1.24.0.tgz",
      "integrity": "sha512-SqV5GRsNqnzCL8k5dfAjCNhUrF3pR0A9lTDSCUZeh/LIshheXJEaP0hwLz2t4XHivd2J/v2HR+gRnigzeKe3cQ=="
    },
    "typescript": {
      "version": "3.6.3",
      "resolved": "https://registry.npmjs.org/typescript/-/typescript-3.6.3.tgz",
      "integrity": "sha512-N7bceJL1CtRQ2RiG0AQME13ksR7DiuQh/QehubYcghzv20tnh+MQnQIuJddTmsbqYj+dztchykemz0zFzlvdQw==",
      "dev": true
    }
  }
}
